
Microsoft Visual Studio Solution File, Format Version 12.00
# Visual Studio Version 16
VisualStudioVersion = 16.0.28803.202
MinimumVisualStudioVersion = 10.0.40219.1
Project("{FAE04EC0-301F-11D3-BF4B-00C04F79EFBC}") = "MeetingHelper.UWP", "MeetingHelper\MeetingHelper.UWP\MeetingHelper.UWP.csproj", "{E436143B-1A38-49A9-A0C6-CA18459ED21E}"
EndProject
Project("{FAE04EC0-301F-11D3-BF4B-00C04F79EFBC}") = "MeetingHelper.Android", "MeetingHelper\MeetingHelper.Android\MeetingHelper.Android.csproj", "{5EFBD07D-F08B-49A4-A38F-0ADCA43DF187}"
EndProject
Project("{9A19103F-16F7-4668-BE54-9A1E7A4F7556}") = "MeetingHelper", "MeetingHelper\MeetingHelper\MeetingHelper.csproj", "{63BAB05F-A5A7-4611-A758-29669C091985}"
EndProject
Project("{FAE04EC0-301F-11D3-BF4B-00C04F79EFBC}") = "OpenCVLib", "..\OpenCVLibBinding\OpenCVLib.csproj", "{A1508EDA-441F-4831-8D72-20E711F8525D}"
EndProject
Global
	GlobalSection(SolutionConfigurationPlatforms) = preSolution
		Debug|Any CPU = Debug|Any CPU
		Debug|ARM = Debug|ARM
		Debug|iPhone = Debug|iPhone
		Debug|iPhoneSimulator = Debug|iPhoneSimulator
		Debug|x64 = Debug|x64
		Debug|x86 = Debug|x86
		Release|Any CPU = Release|Any CPU
		Release|ARM = Release|ARM
		Release|iPhone = Release|iPhone
		Release|iPhoneSimulator = Release|iPhoneSimulator
		Release|x64 = Release|x64
		Release|x86 = Release|x86
	EndGlobalSection
	GlobalSection(ProjectConfigurationPlatforms) = postSolution
		{E436143B-1A38-49A9-A0C6-CA18459ED21E}.Debug|Any CPU.ActiveCfg = Debug|x86
		{E436143B-1A38-49A9-A0C6-CA18459ED21E}.Debug|Any CPU.Build.0 = Debug|x86
		{E436143B-1A38-49A9-A0C6-CA18459ED21E}.Debug|Any CPU.Deploy.0 = Debug|x86
		{E436143B-1A38-49A9-A0C6-CA18459ED21E}.Debug|ARM.ActiveCfg = Debug|ARM
		{E436143B-1A38-49A9-A0C6-CA18459ED21E}.Debug|ARM.Build.0 = Debug|ARM
		{E436143B-1A38-49A9-A0C6-CA18459ED21E}.Debug|ARM.Deploy.0 = Debug|ARM
		{E436143B-1A38-49A9-A0C6-CA18459ED21E}.Debug|iPhone.ActiveCfg = Debug|x86
		{E436143B-1A38-49A9-A0C6-CA18459ED21E}.Debug|iPhone.Build.0 = Debug|x86
		{E436143B-1A38-49A9-A0C6-CA18459ED21E}.Debug|iPhone.Deploy.0 = Debug|x86
		{E436143B-1A38-49A9-A0C6-CA18459ED21E}.Debug|iPhoneSimulator.ActiveCfg = Debug|x86
		{E436143B-1A38-49A9-A0C6-CA18459ED21E}.Debug|iPhoneSimulator.Build.0 = Debug|x86
		{E436143B-1A38-49A9-A0C6-CA18459ED21E}.Debug|iPhoneSimulator.Deploy.0 = Debug|x86
		{E436143B-1A38-49A9-A0C6-CA18459ED21E}.Debug|x64.ActiveCfg = Debug|x64
		{E436143B-1A38-49A9-A0C6-CA18459ED21E}.Debug|x64.Build.0 = Debug|x64
		{E436143B-1A38-49A9-A0C6-CA18459ED21E}.Debug|x64.Deploy.0 = Debug|x64
		{E436143B-1A38-49A9-A0C6-CA18459ED21E}.Debug|x86.ActiveCfg = Debug|x86
		{E436143B-1A38-49A9-A0C6-CA18459ED21E}.Debug|x86.Build.0 = Debug|x86
		{E436143B-1A38-49A9-A0C6-CA18459ED21E}.Debug|x86.Deploy.0 = Debug|x86
		{E436143B-1A38-49A9-A0C6-CA18459ED21E}.Release|Any CPU.ActiveCfg = Release|x86
		{E436143B-1A38-49A9-A0C6-CA18459ED21E}.Release|Any CPU.Build.0 = Release|x86
		{E436143B-1A38-49A9-A0C6-CA18459ED21E}.Release|Any CPU.Deploy.0 = Release|x86
		{E436143B-1A38-49A9-A0C6-CA18459ED21E}.Release|ARM.ActiveCfg = Release|ARM
		{E436143B-1A38-49A9-A0C6-CA18459ED21E}.Release|ARM.Build.0 = Release|ARM
		{E436143B-1A38-49A9-A0C6-CA18459ED21E}.Release|ARM.Deploy.0 = Release|ARM
		{E436143B-1A38-49A9-A0C6-CA18459ED21E}.Release|iPhone.ActiveCfg = Release|x86
		{E436143B-1A38-49A9-A0C6-CA18459ED21E}.Release|iPhone.Build.0 = Release|x86
		{E436143B-1A38-49A9-A0C6-CA18459ED21E}.Release|iPhone.Deploy.0 = Release|x86
		{E436143B-1A38-49A9-A0C6-CA18459ED21E}.Release|iPhoneSimulator.ActiveCfg = Release|x86
		{E436143B-1A38-49A9-A0C6-CA18459ED21E}.Release|iPhoneSimulator.Build.0 = Release|x86
		{E436143B-1A38-49A9-A0C6-CA18459ED21E}.Release|iPhoneSimulator.Deploy.0 = Release|x86
		{E436143B-1A38-49A9-A0C6-CA18459ED21E}.Release|x64.ActiveCfg = Release|x64
		{E436143B-1A38-49A9-A0C6-CA18459ED21E}.Release|x64.Build.0 = Release|x64
		{E436143B-1A38-49A9-A0C6-CA18459ED21E}.Release|x64.Deploy.0 = Release|x64
		{E436143B-1A38-49A9-A0C6-CA18459ED21E}.Release|x86.ActiveCfg = Release|x86
		{E436143B-1A38-49A9-A0C6-CA18459ED21E}.Release|x86.Build.0 = Release|x86
		{E436143B-1A38-49A9-A0C6-CA18459ED21E}.Release|x86.Deploy.0 = Release|x86
		{5EFBD07D-F08B-49A4-A38F-0ADCA43DF187}.Debug|Any CPU.ActiveCfg = Debug|Any CPU
		{5EFBD07D-F08B-49A4-A38F-0ADCA43DF187}.Debug|Any CPU.Build.0 = Debug|Any CPU
		{5EFBD07D-F08B-49A4-A38F-0ADCA43DF187}.Debug|Any CPU.Deploy.0 = Debug|Any CPU
		{5EFBD07D-F08B-49A4-A38F-0ADCA43DF187}.Debug|ARM.ActiveCfg = Debug|Any CPU
		{5EFBD07D-F08B-49A4-A38F-0ADCA43DF187}.Debug|ARM.Build.0 = Debug|Any CPU
		{5EFBD07D-F08B-49A4-A38F-0ADCA43DF187}.Debug|ARM.Deploy.0 = Debug|Any CPU
		{5EFBD07D-F08B-49A4-A38F-0ADCA43DF187}.Debug|iPhone.ActiveCfg = Debug|Any CPU
		{5EFBD07D-F08B-49A4-A38F-0ADCA43DF187}.Debug|iPhone.Build.0 = Debug|Any CPU
		{5EFBD07D-F08B-49A4-A38F-0ADCA43DF187}.Debug|iPhone.Deploy.0 = Debug|Any CPU
		{5EFBD07D-F08B-49A4-A38F-0ADCA43DF187}.Debug|iPhoneSimulator.ActiveCfg = Debug|Any CPU
		{5EFBD07D-F08B-49A4-A38F-0ADCA43DF187}.Debug|iPhoneSimulator.Build.0 = Debug|Any CPU
		{5EFBD07D-F08B-49A4-A38F-0ADCA43DF187}.Debug|iPhoneSimulator.Deploy.0 = Debug|Any CPU
		{5EFBD07D-F08B-49A4-A38F-0ADCA43DF187}.Debug|x64.ActiveCfg = Debug|Any CPU
		{5EFBD07D-F08B-49A4-A38F-0ADCA43DF187}.Debug|x64.Build.0 = Debug|Any CPU
		{5EFBD07D-F08B-49A4-A38F-0ADCA43DF187}.Debug|x64.Deploy.0 = Debug|Any CPU
		{5EFBD07D-F08B-49A4-A38F-0ADCA43DF187}.Debug|x86.ActiveCfg = Debug|Any CPU
		{5EFBD07D-F08B-49A4-A38F-0ADCA43DF187}.Debug|x86.Build.0 = Debug|Any CPU
		{5EFBD07D-F08B-49A4-A38F-0ADCA43DF187}.Debug|x86.Deploy.0 = Debug|Any CPU
		{5EFBD07D-F08B-49A4-A38F-0ADCA43DF187}.Release|Any CPU.ActiveCfg = Release|Any CPU
		{5EFBD07D-F08B-49A4-A38F-0ADCA43DF187}.Release|Any CPU.Build.0 = Release|Any CPU
		{5EFBD07D-F08B-49A4-A38F-0ADCA43DF187}.Release|Any CPU.Deploy.0 = Release|Any CPU
		{5EFBD07D-F08B-49A4-A38F-0ADCA43DF187}.Release|ARM.ActiveCfg = Release|Any CPU
		{5EFBD07D-F08B-49A4-A38F-0ADCA43DF187}.Release|ARM.Build.0 = Release|Any CPU
		{5EFBD07D-F08B-49A4-A38F-0ADCA43DF187}.Release|ARM.Deploy.0 = Release|Any CPU
		{5EFBD07D-F08B-49A4-A38F-0ADCA43DF187}.Release|iPhone.ActiveCfg = Release|Any CPU
		{5EFBD07D-F08B-49A4-A38F-0ADCA43DF187}.Release|iPhone.Build.0 = Release|Any CPU
		{5EFBD07D-F08B-49A4-A38F-0ADCA43DF187}.Release|iPhone.Deploy.0 = Release|Any CPU
		{5EFBD07D-F08B-49A4-A38F-0ADCA43DF187}.Release|iPhoneSimulator.ActiveCfg = Release|Any CPU
		{5EFBD07D-F08B-49A4-A38F-0ADCA43DF187}.Release|iPhoneSimulator.Build.0 = Release|Any CPU
		{5EFBD07D-F08B-49A4-A38F-0ADCA43DF187}.Release|iPhoneSimulator.Deploy.0 = Release|Any CPU
		{5EFBD07D-F08B-49A4-A38F-0ADCA43DF187}.Release|x64.ActiveCfg = Release|Any CPU
		{5EFBD07D-F08B-49A4-A38F-0ADCA43DF187}.Release|x64.Build.0 = Release|Any CPU
		{5EFBD07D-F08B-49A4-A38F-0ADCA43DF187}.Release|x64.Deploy.0 = Release|Any CPU
		{5EFBD07D-F08B-49A4-A38F-0ADCA43DF187}.Release|x86.ActiveCfg = Release|Any CPU
		{5EFBD07D-F08B-49A4-A38F-0ADCA43DF187}.Release|x86.Build.0 = Release|Any CPU
		{5EFBD07D-F08B-49A4-A38F-0ADCA43DF187}.Release|x86.Deploy.0 = Release|Any CPU
		{63BAB05F-A5A7-4611-A758-29669C091985}.Debug|Any CPU.ActiveCfg = Debug|Any CPU
		{63BAB05F-A5A7-4611-A758-29669C091985}.Debug|Any CPU.Build.0 = Debug|Any CPU
		{63BAB05F-A5A7-4611-A758-29669C091985}.Debug|Any CPU.Deploy.0 = Debug|Any CPU
		{63BAB05F-A5A7-4611-A758-29669C091985}.Debug|ARM.ActiveCfg = Debug|Any CPU
		{63BAB05F-A5A7-4611-A758-29669C091985}.Debug|ARM.Build.0 = Debug|Any CPU
		{63BAB05F-A5A7-4611-A758-29669C091985}.Debug|ARM.Deploy.0 = Debug|Any CPU
		{63BAB05F-A5A7-4611-A758-29669C091985}.Debug|iPhone.ActiveCfg = Debug|Any CPU
		{63BAB05F-A5A7-4611-A758-29669C091985}.Debug|iPhone.Build.0 = Debug|Any CPU
		{63BAB05F-A5A7-4611-A758-29669C091985}.Debug|iPhone.Deploy.0 = Debug|Any CPU
		{63BAB05F-A5A7-4611-A758-29669C091985}.Debug|iPhoneSimulator.ActiveCfg = Debug|Any CPU
		{63BAB05F-A5A7-4611-A758-29669C091985}.Debug|iPhoneSimulator.Build.0 = Debug|Any CPU
		{63BAB05F-A5A7-4611-A758-29669C091985}.Debug|iPhoneSimulator.Deploy.0 = Debug|Any CPU
		{63BAB05F-A5A7-4611-A758-29669C091985}.Debug|x64.ActiveCfg = Debug|Any CPU
		{63BAB05F-A5A7-4611-A758-29669C091985}.Debug|x64.Build.0 = Debug|Any CPU
		{63BAB05F-A5A7-4611-A758-29669C091985}.Debug|x64.Deploy.0 = Debug|Any CPU
		{63BAB05F-A5A7-4611-A758-29669C091985}.Debug|x86.ActiveCfg = Debug|Any CPU
		{63BAB05F-A5A7-4611-A758-29669C091985}.Debug|x86.Build.0 = Debug|Any CPU
		{63BAB05F-A5A7-4611-A758-29669C091985}.Debug|x86.Deploy.0 = Debug|Any CPU
		{63BAB05F-A5A7-4611-A758-29669C091985}.Release|Any CPU.ActiveCfg = Release|Any CPU
		{63BAB05F-A5A7-4611-A758-29669C091985}.Release|Any CPU.Build.0 = Release|Any CPU
		{63BAB05F-A5A7-4611-A758-29669C091985}.Release|Any CPU.Deploy.0 = Release|Any CPU
		{63BAB05F-A5A7-4611-A758-29669C091985}.Release|ARM.ActiveCfg = Release|Any CPU
		{63BAB05F-A5A7-4611-A758-29669C091985}.Release|ARM.Build.0 = Release|Any CPU
		{63BAB05F-A5A7-4611-A758-29669C091985}.Release|ARM.Deploy.0 = Release|Any CPU
		{63BAB05F-A5A7-4611-A758-29669C091985}.Release|iPhone.ActiveCfg = Release|Any CPU
		{63BAB05F-A5A7-4611-A758-29669C091985}.Release|iPhone.Build.0 = Release|Any CPU
		{63BAB05F-A5A7-4611-A758-29669C091985}.Release|iPhone.Deploy.0 = Release|Any CPU
		{63BAB05F-A5A7-4611-A758-29669C091985}.Release|iPhoneSimulator.ActiveCfg = Release|Any CPU
		{63BAB05F-A5A7-4611-A758-29669C091985}.Release|iPhoneSimulator.Build.0 = Release|Any CPU
		{63BAB05F-A5A7-4611-A758-29669C091985}.Release|iPhoneSimulator.Deploy.0 = Release|Any CPU
		{63BAB05F-A5A7-4611-A758-29669C091985}.Release|x64.ActiveCfg = Release|Any CPU
		{63BAB05F-A5A7-4611-A758-29669C091985}.Release|x64.Build.0 = Release|Any CPU
		{63BAB05F-A5A7-4611-A758-29669C091985}.Release|x64.Deploy.0 = Release|Any CPU
		{63BAB05F-A5A7-4611-A758-29669C091985}.Release|x86.ActiveCfg = Release|Any CPU
		{63BAB05F-A5A7-4611-A758-29669C091985}.Release|x86.Build.0 = Release|Any CPU
		{63BAB05F-A5A7-4611-A758-29669C091985}.Release|x86.Deploy.0 = Release|Any CPU
		{A1508EDA-441F-4831-8D72-20E711F8525D}.Debug|Any CPU.ActiveCfg = Debug|Any CPU
		{A1508EDA-441F-4831-8D72-20E711F8525D}.Debug|Any CPU.Build.0 = Debug|Any CPU
		{A1508EDA-441F-4831-8D72-20E711F8525D}.Debug|ARM.ActiveCfg = Debug|Any CPU
		{A1508EDA-441F-4831-8D72-20E711F8525D}.Debug|ARM.Build.0 = Debug|Any CPU
		{A1508EDA-441F-4831-8D72-20E711F8525D}.Debug|iPhone.ActiveCfg = Debug|Any CPU
		{A1508EDA-441F-4831-8D72-20E711F8525D}.Debug|iPhone.Build.0 = Debug|Any CPU
		{A1508EDA-441F-4831-8D72-20E711F8525D}.Debug|iPhoneSimulator.ActiveCfg = Debug|Any CPU
		{A1508EDA-441F-4831-8D72-20E711F8525D}.Debug|iPhoneSimulator.Build.0 = Debug|Any CPU
		{A1508EDA-441F-4831-8D72-20E711F8525D}.Debug|x64.ActiveCfg = Debug|Any CPU
		{A1508EDA-441F-4831-8D72-20E711F8525D}.Debug|x64.Build.0 = Debug|Any CPU
		{A1508EDA-441F-4831-8D72-20E711F8525D}.Debug|x86.ActiveCfg = Debug|Any CPU
		{A1508EDA-441F-4831-8D72-20E711F8525D}.Debug|x86.Build.0 = Debug|Any CPU
		{A1508EDA-441F-4831-8D72-20E711F8525D}.Release|Any CPU.ActiveCfg = Release|Any CPU
		{A1508EDA-441F-4831-8D72-20E711F8525D}.Release|Any CPU.Build.0 = Release|Any CPU
		{A1508EDA-441F-4831-8D72-20E711F8525D}.Release|ARM.ActiveCfg = Release|Any CPU
		{A1508EDA-441F-4831-8D72-20E711F8525D}.Release|ARM.Build.0 = Release|Any CPU
		{A1508EDA-441F-4831-8D72-20E711F8525D}.Release|iPhone.ActiveCfg = Release|Any CPU
		{A1508EDA-441F-4831-8D72-20E711F8525D}.Release|iPhone.Build.0 = Release|Any CPU
		{A1508EDA-441F-4831-8D72-20E711F8525D}.Release|iPhoneSimulator.ActiveCfg = Release|Any CPU
		{A1508EDA-441F-4831-8D72-20E711F8525D}.Release|iPhoneSimulator.Build.0 = Release|Any CPU
		{A1508EDA-441F-4831-8D72-20E711F8525D}.Release|x64.ActiveCfg = Release|Any CPU
		{A1508EDA-441F-4831-8D72-20E711F8525D}.Release|x64.Build.0 = Release|Any CPU
		{A1508EDA-441F-4831-8D72-20E711F8525D}.Release|x86.ActiveCfg = Release|Any CPU
		{A1508EDA-441F-4831-8D72-20E711F8525D}.Release|x86.Build.0 = Release|Any CPU
	EndGlobalSection
	GlobalSection(SolutionProperties) = preSolution
		HideSolutionNode = FALSE
	EndGlobalSection
	GlobalSection(ExtensibilityGlobals) = postSolution
		SolutionGuid = {F3CB305F-4634-4CE7-9B20-F5F75046B10E}
	EndGlobalSection
EndGlobal
